
Microsoft Visual Studio Solution File, Format Version 12.00
# Visual Studio Version 17
VisualStudioVersion = 17.5.002.0
MinimumVisualStudioVersion = 10.0.40219.1
Project("{9A19103F-16F7-4668-BE54-9A1E7A4F7556}") = "Chat.Server", "Chat.Server.csproj", "{B98D2750-606D-4F6F-A9D2-FF97D1CF0F16}"
EndProject
Global
	GlobalSection(SolutionConfigurationPlatforms) = preSolution
		Debug|Any CPU = Debug|Any CPU
		Release|Any CPU = Release|Any CPU
	EndGlobalSection
	GlobalSection(ProjectConfigurationPlatforms) = postSolution
		{B98D2750-606D-4F6F-A9D2-FF97D1CF0F16}.Debug|Any CPU.ActiveCfg = Debug|Any CPU
		{B98D2750-606D-4F6F-A9D2-FF97D1CF0F16}.Debug|Any CPU.Build.0 = Debug|Any CPU
		{B98D2750-606D-4F6F-A9D2-FF97D1CF0F16}.Release|Any CPU.ActiveCfg = Release|Any CPU
		{B98D2750-606D-4F6F-A9D2-FF97D1CF0F16}.Release|Any CPU.Build.0 = Release|Any CPU
	EndGlobalSection
	GlobalSection(SolutionProperties) = preSolution
		HideSolutionNode = FALSE
	EndGlobalSection
	GlobalSection(ExtensibilityGlobals) = postSolution
		SolutionGuid = {BA6FF245-4E6B-48D3-AFD4-FA69E6AE5BF4}
	EndGlobalSection
EndGlobal
